// !$*UTF8*$!
{
	archiveVersion = 1;
	classes = {
	};
	objectVersion = 46;
	objects = {

/* Begin PBXBuildFile section */
		460013681993C8FB002C324E /* PostCardTestImage.png in Resources */ = {isa = PBXBuildFile; fileRef = 460013671993C8FB002C324E /* PostCardTestImage.png */; };
		4609DCD2198B35FA000D8F8C /* PACLoginCredentialsViewController.m in Sources */ = {isa = PBXBuildFile; fileRef = 4609DCD0198B35FA000D8F8C /* PACLoginCredentialsViewController.m */; };
		4609DCD3198B35FA000D8F8C /* PACLoginCredentialsViewController.xib in Resources */ = {isa = PBXBuildFile; fileRef = 4609DCD1198B35FA000D8F8C /* PACLoginCredentialsViewController.xib */; };
		46330C661957C160006A7D80 /* main.m in Sources */ = {isa = PBXBuildFile; fileRef = 46330C651957C160006A7D80 /* main.m */; };
		46330C691957C160006A7D80 /* PACAppDelegate.m in Sources */ = {isa = PBXBuildFile; fileRef = 46330C681957C160006A7D80 /* PACAppDelegate.m */; };
		46330C7D1957C160006A7D80 /* PostACardTests.m in Sources */ = {isa = PBXBuildFile; fileRef = 46330C7C1957C160006A7D80 /* PostACardTests.m */; };
		463B6704198602640027F811 /* FacebookSDK.framework in Frameworks */ = {isa = PBXBuildFile; fileRef = 463B6702198602440027F811 /* FacebookSDK.framework */; };
		463B670E198660D80027F811 /* Default-568h@2x.png in Resources */ = {isa = PBXBuildFile; fileRef = 463B670C198660D80027F811 /* Default-568h@2x.png */; };
		464961DC199087F300153812 /* ConnectToFacebook.png in Resources */ = {isa = PBXBuildFile; fileRef = 464961D5199087F300153812 /* ConnectToFacebook.png */; };
		464961DD199087F300153812 /* ConnectToFacebook@2x.png in Resources */ = {isa = PBXBuildFile; fileRef = 464961D6199087F300153812 /* ConnectToFacebook@2x.png */; };
		464961DE199087F300153812 /* LogIn.png in Resources */ = {isa = PBXBuildFile; fileRef = 464961D7199087F300153812 /* LogIn.png */; };
		464961DF199087F300153812 /* LogIn@2x.png in Resources */ = {isa = PBXBuildFile; fileRef = 464961D8199087F300153812 /* LogIn@2x.png */; };
		464961E0199087F300153812 /* PostACardIcon.png in Resources */ = {isa = PBXBuildFile; fileRef = 464961D9199087F300153812 /* PostACardIcon.png */; };
		464961E1199087F300153812 /* SignUp.png in Resources */ = {isa = PBXBuildFile; fileRef = 464961DA199087F300153812 /* SignUp.png */; };
		464961E2199087F300153812 /* SignUp@2x.png in Resources */ = {isa = PBXBuildFile; fileRef = 464961DB199087F300153812 /* SignUp@2x.png */; };
		464961ED1990882200153812 /* ic_tabbar_categories_selected.png in Resources */ = {isa = PBXBuildFile; fileRef = 464961E51990882200153812 /* ic_tabbar_categories_selected.png */; };
		464961EE1990882200153812 /* ic_tabbar_categories_selected@2x.png in Resources */ = {isa = PBXBuildFile; fileRef = 464961E61990882200153812 /* ic_tabbar_categories_selected@2x.png */; };
		464961EF1990882200153812 /* ic_tabbar_categories_unselected.png in Resources */ = {isa = PBXBuildFile; fileRef = 464961E71990882200153812 /* ic_tabbar_categories_unselected.png */; };
		464961F01990882200153812 /* ic_tabbar_categories_unselected@2x.png in Resources */ = {isa = PBXBuildFile; fileRef = 464961E81990882200153812 /* ic_tabbar_categories_unselected@2x.png */; };
		464961F11990882200153812 /* ic_tabbar_profile_selected.png in Resources */ = {isa = PBXBuildFile; fileRef = 464961E91990882200153812 /* ic_tabbar_profile_selected.png */; };
		464961F21990882200153812 /* ic_tabbar_profile_selected@2x.png in Resources */ = {isa = PBXBuildFile; fileRef = 464961EA1990882200153812 /* ic_tabbar_profile_selected@2x.png */; };
		464961F31990882200153812 /* ic_tabbar_profile_unselected.png in Resources */ = {isa = PBXBuildFile; fileRef = 464961EB1990882200153812 /* ic_tabbar_profile_unselected.png */; };
		464961F41990882200153812 /* ic_tabbar_profile_unselected@2x.png in Resources */ = {isa = PBXBuildFile; fileRef = 464961EC1990882200153812 /* ic_tabbar_profile_unselected@2x.png */; };
		464961F71990887000153812 /* PACComposeViewController.m in Sources */ = {isa = PBXBuildFile; fileRef = 464961F61990887000153812 /* PACComposeViewController.m */; };
		464962131990BCBD00153812 /* ic_compose_photo.png in Resources */ = {isa = PBXBuildFile; fileRef = 464962111990BCBD00153812 /* ic_compose_photo.png */; };
		464962141990BCBD00153812 /* ic_compose_photo@2x.png in Resources */ = {isa = PBXBuildFile; fileRef = 464962121990BCBD00153812 /* ic_compose_photo@2x.png */; };
		465079BD1957C7DD00E5662F /* PACDataStore.m in Sources */ = {isa = PBXBuildFile; fileRef = 465079BC1957C7DD00E5662F /* PACDataStore.m */; };
		465079C01957C7F500E5662F /* PACDataStorePredicate.m in Sources */ = {isa = PBXBuildFile; fileRef = 465079BF1957C7F500E5662F /* PACDataStorePredicate.m */; };
		465079C91957C82100E5662F /* PACUser.m in Sources */ = {isa = PBXBuildFile; fileRef = 465079C81957C82100E5662F /* PACUser.m */; };
		465079CC1957C83300E5662F /* PACCard.m in Sources */ = {isa = PBXBuildFile; fileRef = 465079CB1957C83300E5662F /* PACCard.m */; };
		465079FB1957CB0B00E5662F /* PACCardSelectViewController.m in Sources */ = {isa = PBXBuildFile; fileRef = 465079F21957CB0B00E5662F /* PACCardSelectViewController.m */; };
		465079FE1957CB0B00E5662F /* PACLoginViewController.m in Sources */ = {isa = PBXBuildFile; fileRef = 465079F81957CB0B00E5662F /* PACLoginViewController.m */; };
		46507A021957CB9B00E5662F /* PACCardPreviewViewController.m in Sources */ = {isa = PBXBuildFile; fileRef = 46507A011957CB9B00E5662F /* PACCardPreviewViewController.m */; };
		46507A051957CD8200E5662F /* PACCardTemplate.m in Sources */ = {isa = PBXBuildFile; fileRef = 46507A041957CD8200E5662F /* PACCardTemplate.m */; };
		46507A081957D45A00E5662F /* PACModelObject.m in Sources */ = {isa = PBXBuildFile; fileRef = 46507A071957D45A00E5662F /* PACModelObject.m */; };
		469E9EC5197BD3030092EDC6 /* PACFile.m in Sources */ = {isa = PBXBuildFile; fileRef = 469E9EC4197BD3030092EDC6 /* PACFile.m */; };
		469E9EC8197C139F0092EDC6 /* PACSocialAuthClient.m in Sources */ = {isa = PBXBuildFile; fileRef = 469E9EC7197C139F0092EDC6 /* PACSocialAuthClient.m */; };
		469E9ECB197C13B20092EDC6 /* PACSocialAuthFacebookClient.m in Sources */ = {isa = PBXBuildFile; fileRef = 469E9ECA197C13B20092EDC6 /* PACSocialAuthFacebookClient.m */; };
		46A966FF19869A64007B11EA /* PACSignUpViewController.m in Sources */ = {isa = PBXBuildFile; fileRef = 46A966FE19869A64007B11EA /* PACSignUpViewController.m */; };
		46A9671C1987B767007B11EA /* PACCardSectionTableViewCell.m in Sources */ = {isa = PBXBuildFile; fileRef = 46A9671A1987B766007B11EA /* PACCardSectionTableViewCell.m */; };
		46AA8C47199082910018ED3F /* PACProfileViewController.m in Sources */ = {isa = PBXBuildFile; fileRef = 46AA8C46199082910018ED3F /* PACProfileViewController.m */; };
		46B3970D197E3DF900CD95A3 /* PACSocialPacket.m in Sources */ = {isa = PBXBuildFile; fileRef = 46B3970C197E3DF900CD95A3 /* PACSocialPacket.m */; };
		46DA7C611991D58D00E7CC89 /* PACComposeViewController.xib in Resources */ = {isa = PBXBuildFile; fileRef = 46DA7C601991D58D00E7CC89 /* PACComposeViewController.xib */; };
		46DA7C631991D6C400E7CC89 /* PACProfileViewController.xib in Resources */ = {isa = PBXBuildFile; fileRef = 46DA7C621991D6C400E7CC89 /* PACProfileViewController.xib */; };
		46DA7C651991D6E100E7CC89 /* PACSignUpViewController.xib in Resources */ = {isa = PBXBuildFile; fileRef = 46DA7C641991D6E100E7CC89 /* PACSignUpViewController.xib */; };
		46DA7C671991D70200E7CC89 /* PACCardSelectViewController.xib in Resources */ = {isa = PBXBuildFile; fileRef = 46DA7C661991D70200E7CC89 /* PACCardSelectViewController.xib */; };
		46DA7C691991D71B00E7CC89 /* PACCardPreviewViewController.xib in Resources */ = {isa = PBXBuildFile; fileRef = 46DA7C681991D71B00E7CC89 /* PACCardPreviewViewController.xib */; };
		46DA7C6C1991EE2800E7CC89 /* PACPublishedCardTableViewCell.m in Sources */ = {isa = PBXBuildFile; fileRef = 46DA7C6B1991EE2800E7CC89 /* PACPublishedCardTableViewCell.m */; };
		46E827011999210200B7A618 /* Base64.m in Sources */ = {isa = PBXBuildFile; fileRef = 46E827001999210200B7A618 /* Base64.m */; settings = {COMPILER_FLAGS = "-fno-objc-arc"; }; };
		46E827081999B46500B7A618 /* PACPublishCardViewController.m in Sources */ = {isa = PBXBuildFile; fileRef = 46E827061999B46500B7A618 /* PACPublishCardViewController.m */; };
		46E827091999B46500B7A618 /* PACPublishCardViewController.xib in Resources */ = {isa = PBXBuildFile; fileRef = 46E827071999B46500B7A618 /* PACPublishCardViewController.xib */; };
		46EC19AB195AB94500E6D3C3 /* PACNetworkingManager.m in Sources */ = {isa = PBXBuildFile; fileRef = 46EC19A0195AB94500E6D3C3 /* PACNetworkingManager.m */; };
		46EC19AC195AB94500E6D3C3 /* PACQuery.m in Sources */ = {isa = PBXBuildFile; fileRef = 46EC19A2195AB94500E6D3C3 /* PACQuery.m */; };
		46EC19AD195AB94500E6D3C3 /* PACQueryPayload+ModularComposer.m in Sources */ = {isa = PBXBuildFile; fileRef = 46EC19A4195AB94500E6D3C3 /* PACQueryPayload+ModularComposer.m */; };
		46EC19AE195AB94500E6D3C3 /* PACQueryPayload.m in Sources */ = {isa = PBXBuildFile; fileRef = 46EC19A6195AB94500E6D3C3 /* PACQueryPayload.m */; };
		46EC19AF195AB94500E6D3C3 /* PACQueryRequest.m in Sources */ = {isa = PBXBuildFile; fileRef = 46EC19A8195AB94500E6D3C3 /* PACQueryRequest.m */; };
		46EC19B0195AB94500E6D3C3 /* PACQueryResponse.m in Sources */ = {isa = PBXBuildFile; fileRef = 46EC19AA195AB94500E6D3C3 /* PACQueryResponse.m */; };
		46F287D1198B2D9F00293FBA /* PACLoginViewController.xib in Resources */ = {isa = PBXBuildFile; fileRef = 46F287D0198B2D9F00293FBA /* PACLoginViewController.xib */; };
/* End PBXBuildFile section */

/* Begin PBXContainerItemProxy section */
		46330C771957C160006A7D80 /* PBXContainerItemProxy */ = {
			isa = PBXContainerItemProxy;
			containerPortal = 46330C581957C160006A7D80 /* Project object */;
			proxyType = 1;
			remoteGlobalIDString = 46330C5F1957C160006A7D80;
			remoteInfo = PostACard;
		};
/* End PBXContainerItemProxy section */

/* Begin PBXFileReference section */
		460013671993C8FB002C324E /* PostCardTestImage.png */ = {isa = PBXFileReference; lastKnownFileType = image.png; path = PostCardTestImage.png; sourceTree = "<group>"; };
		4609DCCF198B35FA000D8F8C /* PACLoginCredentialsViewController.h */ = {isa = PBXFileReference; fileEncoding = 4; lastKnownFileType = sourcecode.c.h; path = PACLoginCredentialsViewController.h; sourceTree = "<group>"; };
		4609DCD0198B35FA000D8F8C /* PACLoginCredentialsViewController.m */ = {isa = PBXFileReference; fileEncoding = 4; lastKnownFileType = sourcecode.c.objc; path = PACLoginCredentialsViewController.m; sourceTree = "<group>"; };
		4609DCD1198B35FA000D8F8C /* PACLoginCredentialsViewController.xib */ = {isa = PBXFileReference; fileEncoding = 4; lastKnownFileType = file.xib; path = PACLoginCredentialsViewController.xib; sourceTree = "<group>"; };
		46330C601957C160006A7D80 /* PostACard.app */ = {isa = PBXFileReference; explicitFileType = wrapper.application; includeInIndex = 0; path = PostACard.app; sourceTree = BUILT_PRODUCTS_DIR; };
		46330C641957C160006A7D80 /* Info.plist */ = {isa = PBXFileReference; lastKnownFileType = text.plist.xml; path = Info.plist; sourceTree = "<group>"; };
		46330C651957C160006A7D80 /* main.m */ = {isa = PBXFileReference; lastKnownFileType = sourcecode.c.objc; path = main.m; sourceTree = "<group>"; };
		46330C671957C160006A7D80 /* PACAppDelegate.h */ = {isa = PBXFileReference; lastKnownFileType = sourcecode.c.h; path = PACAppDelegate.h; sourceTree = "<group>"; };
		46330C681957C160006A7D80 /* PACAppDelegate.m */ = {isa = PBXFileReference; lastKnownFileType = sourcecode.c.objc; path = PACAppDelegate.m; sourceTree = "<group>"; };
		46330C761957C160006A7D80 /* PostACardTests.xctest */ = {isa = PBXFileReference; explicitFileType = wrapper.cfbundle; includeInIndex = 0; path = PostACardTests.xctest; sourceTree = BUILT_PRODUCTS_DIR; };
		46330C7B1957C160006A7D80 /* Info.plist */ = {isa = PBXFileReference; lastKnownFileType = text.plist.xml; path = Info.plist; sourceTree = "<group>"; };
		46330C7C1957C160006A7D80 /* PostACardTests.m */ = {isa = PBXFileReference; lastKnownFileType = sourcecode.c.objc; path = PostACardTests.m; sourceTree = "<group>"; };
		463B6702198602440027F811 /* FacebookSDK.framework */ = {isa = PBXFileReference; lastKnownFileType = wrapper.framework; path = FacebookSDK.framework; sourceTree = "<group>"; };
		463B670C198660D80027F811 /* Default-568h@2x.png */ = {isa = PBXFileReference; lastKnownFileType = image.png; path = "Default-568h@2x.png"; sourceTree = "<group>"; };
		464961D5199087F300153812 /* ConnectToFacebook.png */ = {isa = PBXFileReference; lastKnownFileType = image.png; path = ConnectToFacebook.png; sourceTree = "<group>"; };
		464961D6199087F300153812 /* ConnectToFacebook@2x.png */ = {isa = PBXFileReference; lastKnownFileType = image.png; path = "ConnectToFacebook@2x.png"; sourceTree = "<group>"; };
		464961D7199087F300153812 /* LogIn.png */ = {isa = PBXFileReference; lastKnownFileType = image.png; path = LogIn.png; sourceTree = "<group>"; };
		464961D8199087F300153812 /* LogIn@2x.png */ = {isa = PBXFileReference; lastKnownFileType = image.png; path = "LogIn@2x.png"; sourceTree = "<group>"; };
		464961D9199087F300153812 /* PostACardIcon.png */ = {isa = PBXFileReference; lastKnownFileType = image.png; path = PostACardIcon.png; sourceTree = "<group>"; };
		464961DA199087F300153812 /* SignUp.png */ = {isa = PBXFileReference; lastKnownFileType = image.png; path = SignUp.png; sourceTree = "<group>"; };
		464961DB199087F300153812 /* SignUp@2x.png */ = {isa = PBXFileReference; lastKnownFileType = image.png; path = "SignUp@2x.png"; sourceTree = "<group>"; };
		464961E51990882200153812 /* ic_tabbar_categories_selected.png */ = {isa = PBXFileReference; lastKnownFileType = image.png; path = ic_tabbar_categories_selected.png; sourceTree = "<group>"; };
		464961E61990882200153812 /* ic_tabbar_categories_selected@2x.png */ = {isa = PBXFileReference; lastKnownFileType = image.png; path = "ic_tabbar_categories_selected@2x.png"; sourceTree = "<group>"; };
		464961E71990882200153812 /* ic_tabbar_categories_unselected.png */ = {isa = PBXFileReference; lastKnownFileType = image.png; path = ic_tabbar_categories_unselected.png; sourceTree = "<group>"; };
		464961E81990882200153812 /* ic_tabbar_categories_unselected@2x.png */ = {isa = PBXFileReference; lastKnownFileType = image.png; path = "ic_tabbar_categories_unselected@2x.png"; sourceTree = "<group>"; };
		464961E91990882200153812 /* ic_tabbar_profile_selected.png */ = {isa = PBXFileReference; lastKnownFileType = image.png; path = ic_tabbar_profile_selected.png; sourceTree = "<group>"; };
		464961EA1990882200153812 /* ic_tabbar_profile_selected@2x.png */ = {isa = PBXFileReference; lastKnownFileType = image.png; path = "ic_tabbar_profile_selected@2x.png"; sourceTree = "<group>"; };
		464961EB1990882200153812 /* ic_tabbar_profile_unselected.png */ = {isa = PBXFileReference; lastKnownFileType = image.png; path = ic_tabbar_profile_unselected.png; sourceTree = "<group>"; };
		464961EC1990882200153812 /* ic_tabbar_profile_unselected@2x.png */ = {isa = PBXFileReference; lastKnownFileType = image.png; path = "ic_tabbar_profile_unselected@2x.png"; sourceTree = "<group>"; };
		464961F51990887000153812 /* PACComposeViewController.h */ = {isa = PBXFileReference; fileEncoding = 4; lastKnownFileType = sourcecode.c.h; path = PACComposeViewController.h; sourceTree = "<group>"; };
		464961F61990887000153812 /* PACComposeViewController.m */ = {isa = PBXFileReference; fileEncoding = 4; lastKnownFileType = sourcecode.c.objc; path = PACComposeViewController.m; sourceTree = "<group>"; };
		464962111990BCBD00153812 /* ic_compose_photo.png */ = {isa = PBXFileReference; lastKnownFileType = image.png; path = ic_compose_photo.png; sourceTree = "<group>"; };
		464962121990BCBD00153812 /* ic_compose_photo@2x.png */ = {isa = PBXFileReference; lastKnownFileType = image.png; path = "ic_compose_photo@2x.png"; sourceTree = "<group>"; };
		465079B51957C60700E5662F /* PACConstants.h */ = {isa = PBXFileReference; fileEncoding = 4; lastKnownFileType = sourcecode.c.h; path = PACConstants.h; sourceTree = "<group>"; };
		465079B71957C70600E5662F /* PACPrefix.pch */ = {isa = PBXFileReference; fileEncoding = 4; lastKnownFileType = sourcecode.c.h; path = PACPrefix.pch; sourceTree = "<group>"; };
		465079BB1957C7DD00E5662F /* PACDataStore.h */ = {isa = PBXFileReference; fileEncoding = 4; lastKnownFileType = sourcecode.c.h; path = PACDataStore.h; sourceTree = "<group>"; };
		465079BC1957C7DD00E5662F /* PACDataStore.m */ = {isa = PBXFileReference; fileEncoding = 4; lastKnownFileType = sourcecode.c.objc; path = PACDataStore.m; sourceTree = "<group>"; };
		465079BE1957C7F500E5662F /* PACDataStorePredicate.h */ = {isa = PBXFileReference; fileEncoding = 4; lastKnownFileType = sourcecode.c.h; path = PACDataStorePredicate.h; sourceTree = "<group>"; };
		465079BF1957C7F500E5662F /* PACDataStorePredicate.m */ = {isa = PBXFileReference; fileEncoding = 4; lastKnownFileType = sourcecode.c.objc; path = PACDataStorePredicate.m; sourceTree = "<group>"; };
		465079C71957C82100E5662F /* PACUser.h */ = {isa = PBXFileReference; fileEncoding = 4; lastKnownFileType = sourcecode.c.h; path = PACUser.h; sourceTree = "<group>"; };
		465079C81957C82100E5662F /* PACUser.m */ = {isa = PBXFileReference; fileEncoding = 4; lastKnownFileType = sourcecode.c.objc; path = PACUser.m; sourceTree = "<group>"; };
		465079CA1957C83300E5662F /* PACCard.h */ = {isa = PBXFileReference; fileEncoding = 4; lastKnownFileType = sourcecode.c.h; path = PACCard.h; sourceTree = "<group>"; };
		465079CB1957C83300E5662F /* PACCard.m */ = {isa = PBXFileReference; fileEncoding = 4; lastKnownFileType = sourcecode.c.objc; path = PACCard.m; sourceTree = "<group>"; };
		465079F11957CB0B00E5662F /* PACCardSelectViewController.h */ = {isa = PBXFileReference; fileEncoding = 4; lastKnownFileType = sourcecode.c.h; path = PACCardSelectViewController.h; sourceTree = "<group>"; };
		465079F21957CB0B00E5662F /* PACCardSelectViewController.m */ = {isa = PBXFileReference; fileEncoding = 4; lastKnownFileType = sourcecode.c.objc; path = PACCardSelectViewController.m; sourceTree = "<group>"; };
		465079F71957CB0B00E5662F /* PACLoginViewController.h */ = {isa = PBXFileReference; fileEncoding = 4; lastKnownFileType = sourcecode.c.h; path = PACLoginViewController.h; sourceTree = "<group>"; };
		465079F81957CB0B00E5662F /* PACLoginViewController.m */ = {isa = PBXFileReference; fileEncoding = 4; lastKnownFileType = sourcecode.c.objc; path = PACLoginViewController.m; sourceTree = "<group>"; };
		46507A001957CB9B00E5662F /* PACCardPreviewViewController.h */ = {isa = PBXFileReference; fileEncoding = 4; lastKnownFileType = sourcecode.c.h; path = PACCardPreviewViewController.h; sourceTree = "<group>"; };
		46507A011957CB9B00E5662F /* PACCardPreviewViewController.m */ = {isa = PBXFileReference; fileEncoding = 4; lastKnownFileType = sourcecode.c.objc; path = PACCardPreviewViewController.m; sourceTree = "<group>"; };
		46507A031957CD8200E5662F /* PACCardTemplate.h */ = {isa = PBXFileReference; fileEncoding = 4; lastKnownFileType = sourcecode.c.h; path = PACCardTemplate.h; sourceTree = "<group>"; };
		46507A041957CD8200E5662F /* PACCardTemplate.m */ = {isa = PBXFileReference; fileEncoding = 4; lastKnownFileType = sourcecode.c.objc; path = PACCardTemplate.m; sourceTree = "<group>"; };
		46507A061957D45A00E5662F /* PACModelObject.h */ = {isa = PBXFileReference; fileEncoding = 4; lastKnownFileType = sourcecode.c.h; path = PACModelObject.h; sourceTree = "<group>"; };
		46507A071957D45A00E5662F /* PACModelObject.m */ = {isa = PBXFileReference; fileEncoding = 4; lastKnownFileType = sourcecode.c.objc; path = PACModelObject.m; sourceTree = "<group>"; };
		469E9EC3197BD3020092EDC6 /* PACFile.h */ = {isa = PBXFileReference; fileEncoding = 4; lastKnownFileType = sourcecode.c.h; path = PACFile.h; sourceTree = "<group>"; };
		469E9EC4197BD3030092EDC6 /* PACFile.m */ = {isa = PBXFileReference; fileEncoding = 4; lastKnownFileType = sourcecode.c.objc; path = PACFile.m; sourceTree = "<group>"; };
		469E9EC6197C139F0092EDC6 /* PACSocialAuthClient.h */ = {isa = PBXFileReference; fileEncoding = 4; lastKnownFileType = sourcecode.c.h; path = PACSocialAuthClient.h; sourceTree = "<group>"; };
		469E9EC7197C139F0092EDC6 /* PACSocialAuthClient.m */ = {isa = PBXFileReference; fileEncoding = 4; lastKnownFileType = sourcecode.c.objc; path = PACSocialAuthClient.m; sourceTree = "<group>"; };
		469E9EC9197C13B20092EDC6 /* PACSocialAuthFacebookClient.h */ = {isa = PBXFileReference; fileEncoding = 4; lastKnownFileType = sourcecode.c.h; path = PACSocialAuthFacebookClient.h; sourceTree = "<group>"; };
		469E9ECA197C13B20092EDC6 /* PACSocialAuthFacebookClient.m */ = {isa = PBXFileReference; fileEncoding = 4; lastKnownFileType = sourcecode.c.objc; path = PACSocialAuthFacebookClient.m; sourceTree = "<group>"; };
		46A828E9197CC558002E9DA8 /* Social.framework */ = {isa = PBXFileReference; lastKnownFileType = wrapper.framework; name = Social.framework; path = System/Library/Frameworks/Social.framework; sourceTree = SDKROOT; };
		46A828EB197CC613002E9DA8 /* Accounts.framework */ = {isa = PBXFileReference; lastKnownFileType = wrapper.framework; name = Accounts.framework; path = System/Library/Frameworks/Accounts.framework; sourceTree = SDKROOT; };
		46A966FD19869A64007B11EA /* PACSignUpViewController.h */ = {isa = PBXFileReference; fileEncoding = 4; lastKnownFileType = sourcecode.c.h; path = PACSignUpViewController.h; sourceTree = "<group>"; };
		46A966FE19869A64007B11EA /* PACSignUpViewController.m */ = {isa = PBXFileReference; fileEncoding = 4; lastKnownFileType = sourcecode.c.objc; path = PACSignUpViewController.m; sourceTree = "<group>"; };
		46A967191987B766007B11EA /* PACCardSectionTableViewCell.h */ = {isa = PBXFileReference; fileEncoding = 4; lastKnownFileType = sourcecode.c.h; path = PACCardSectionTableViewCell.h; sourceTree = "<group>"; };
		46A9671A1987B766007B11EA /* PACCardSectionTableViewCell.m */ = {isa = PBXFileReference; fileEncoding = 4; lastKnownFileType = sourcecode.c.objc; path = PACCardSectionTableViewCell.m; sourceTree = "<group>"; };
		46AA8C45199082910018ED3F /* PACProfileViewController.h */ = {isa = PBXFileReference; fileEncoding = 4; lastKnownFileType = sourcecode.c.h; path = PACProfileViewController.h; sourceTree = "<group>"; };
		46AA8C46199082910018ED3F /* PACProfileViewController.m */ = {isa = PBXFileReference; fileEncoding = 4; lastKnownFileType = sourcecode.c.objc; path = PACProfileViewController.m; sourceTree = "<group>"; };
		46B3970B197E3DF900CD95A3 /* PACSocialPacket.h */ = {isa = PBXFileReference; fileEncoding = 4; lastKnownFileType = sourcecode.c.h; path = PACSocialPacket.h; sourceTree = "<group>"; };
		46B3970C197E3DF900CD95A3 /* PACSocialPacket.m */ = {isa = PBXFileReference; fileEncoding = 4; lastKnownFileType = sourcecode.c.objc; path = PACSocialPacket.m; sourceTree = "<group>"; };
		46DA7C601991D58D00E7CC89 /* PACComposeViewController.xib */ = {isa = PBXFileReference; fileEncoding = 4; lastKnownFileType = file.xib; path = PACComposeViewController.xib; sourceTree = "<group>"; };
		46DA7C621991D6C400E7CC89 /* PACProfileViewController.xib */ = {isa = PBXFileReference; fileEncoding = 4; lastKnownFileType = file.xib; path = PACProfileViewController.xib; sourceTree = "<group>"; };
		46DA7C641991D6E100E7CC89 /* PACSignUpViewController.xib */ = {isa = PBXFileReference; fileEncoding = 4; lastKnownFileType = file.xib; path = PACSignUpViewController.xib; sourceTree = "<group>"; };
		46DA7C661991D70200E7CC89 /* PACCardSelectViewController.xib */ = {isa = PBXFileReference; fileEncoding = 4; lastKnownFileType = file.xib; path = PACCardSelectViewController.xib; sourceTree = "<group>"; };
		46DA7C681991D71B00E7CC89 /* PACCardPreviewViewController.xib */ = {isa = PBXFileReference; fileEncoding = 4; lastKnownFileType = file.xib; path = PACCardPreviewViewController.xib; sourceTree = "<group>"; };
		46DA7C6A1991EE2800E7CC89 /* PACPublishedCardTableViewCell.h */ = {isa = PBXFileReference; fileEncoding = 4; lastKnownFileType = sourcecode.c.h; name = PACPublishedCardTableViewCell.h; path = PostACard/Views/PACPublishedCardTableViewCell.h; sourceTree = SOURCE_ROOT; };
		46DA7C6B1991EE2800E7CC89 /* PACPublishedCardTableViewCell.m */ = {isa = PBXFileReference; fileEncoding = 4; lastKnownFileType = sourcecode.c.objc; name = PACPublishedCardTableViewCell.m; path = PostACard/Views/PACPublishedCardTableViewCell.m; sourceTree = SOURCE_ROOT; };
		46E826FF1999210200B7A618 /* Base64.h */ = {isa = PBXFileReference; fileEncoding = 4; lastKnownFileType = sourcecode.c.h; path = Base64.h; sourceTree = "<group>"; };
		46E827001999210200B7A618 /* Base64.m */ = {isa = PBXFileReference; fileEncoding = 4; lastKnownFileType = sourcecode.c.objc; path = Base64.m; sourceTree = "<group>"; };
		46E827051999B46500B7A618 /* PACPublishCardViewController.h */ = {isa = PBXFileReference; fileEncoding = 4; lastKnownFileType = sourcecode.c.h; path = PACPublishCardViewController.h; sourceTree = "<group>"; };
		46E827061999B46500B7A618 /* PACPublishCardViewController.m */ = {isa = PBXFileReference; fileEncoding = 4; lastKnownFileType = sourcecode.c.objc; path = PACPublishCardViewController.m; sourceTree = "<group>"; };
		46E827071999B46500B7A618 /* PACPublishCardViewController.xib */ = {isa = PBXFileReference; fileEncoding = 4; lastKnownFileType = file.xib; path = PACPublishCardViewController.xib; sourceTree = "<group>"; };
		46EC199F195AB94500E6D3C3 /* PACNetworkingManager.h */ = {isa = PBXFileReference; fileEncoding = 4; lastKnownFileType = sourcecode.c.h; path = PACNetworkingManager.h; sourceTree = "<group>"; };
		46EC19A0195AB94500E6D3C3 /* PACNetworkingManager.m */ = {isa = PBXFileReference; fileEncoding = 4; lastKnownFileType = sourcecode.c.objc; path = PACNetworkingManager.m; sourceTree = "<group>"; };
		46EC19A1195AB94500E6D3C3 /* PACQuery.h */ = {isa = PBXFileReference; fileEncoding = 4; lastKnownFileType = sourcecode.c.h; path = PACQuery.h; sourceTree = "<group>"; };
		46EC19A2195AB94500E6D3C3 /* PACQuery.m */ = {isa = PBXFileReference; fileEncoding = 4; lastKnownFileType = sourcecode.c.objc; path = PACQuery.m; sourceTree = "<group>"; };
		46EC19A3195AB94500E6D3C3 /* PACQueryPayload+ModularComposer.h */ = {isa = PBXFileReference; fileEncoding = 4; lastKnownFileType = sourcecode.c.h; path = "PACQueryPayload+ModularComposer.h"; sourceTree = "<group>"; };
		46EC19A4195AB94500E6D3C3 /* PACQueryPayload+ModularComposer.m */ = {isa = PBXFileReference; fileEncoding = 4; lastKnownFileType = sourcecode.c.objc; path = "PACQueryPayload+ModularComposer.m"; sourceTree = "<group>"; };
		46EC19A5195AB94500E6D3C3 /* PACQueryPayload.h */ = {isa = PBXFileReference; fileEncoding = 4; lastKnownFileType = sourcecode.c.h; path = PACQueryPayload.h; sourceTree = "<group>"; };
		46EC19A6195AB94500E6D3C3 /* PACQueryPayload.m */ = {isa = PBXFileReference; fileEncoding = 4; lastKnownFileType = sourcecode.c.objc; path = PACQueryPayload.m; sourceTree = "<group>"; };
		46EC19A7195AB94500E6D3C3 /* PACQueryRequest.h */ = {isa = PBXFileReference; fileEncoding = 4; lastKnownFileType = sourcecode.c.h; path = PACQueryRequest.h; sourceTree = "<group>"; };
		46EC19A8195AB94500E6D3C3 /* PACQueryRequest.m */ = {isa = PBXFileReference; fileEncoding = 4; lastKnownFileType = sourcecode.c.objc; path = PACQueryRequest.m; sourceTree = "<group>"; };
		46EC19A9195AB94500E6D3C3 /* PACQueryResponse.h */ = {isa = PBXFileReference; fileEncoding = 4; lastKnownFileType = sourcecode.c.h; path = PACQueryResponse.h; sourceTree = "<group>"; };
		46EC19AA195AB94500E6D3C3 /* PACQueryResponse.m */ = {isa = PBXFileReference; fileEncoding = 4; lastKnownFileType = sourcecode.c.objc; path = PACQueryResponse.m; sourceTree = "<group>"; };
		46F287D0198B2D9F00293FBA /* PACLoginViewController.xib */ = {isa = PBXFileReference; fileEncoding = 4; lastKnownFileType = file.xib; path = PACLoginViewController.xib; sourceTree = "<group>"; };
		9308869BB0BC45B4B66817E1 /* Pods.xcconfig */ = {isa = PBXFileReference; includeInIndex = 1; lastKnownFileType = text.xcconfig; name = Pods.xcconfig; path = Pods/Pods.xcconfig; sourceTree = "<group>"; };
/* End PBXFileReference section */

/* Begin PBXFrameworksBuildPhase section */
		46330C5D1957C160006A7D80 /* Frameworks */ = {
			isa = PBXFrameworksBuildPhase;
			buildActionMask = 2147483647;
			files = (
				463B6704198602640027F811 /* FacebookSDK.framework in Frameworks */,
			);
			runOnlyForDeploymentPostprocessing = 0;
		};
		46330C731957C160006A7D80 /* Frameworks */ = {
			isa = PBXFrameworksBuildPhase;
			buildActionMask = 2147483647;
			files = (
			);
			runOnlyForDeploymentPostprocessing = 0;
		};
/* End PBXFrameworksBuildPhase section */

/* Begin PBXGroup section */
		46330C571957C160006A7D80 = {
			isa = PBXGroup;
			children = (
				46330C621957C160006A7D80 /* PostACard */,
				46330C791957C160006A7D80 /* PostACardTests */,
				46330C611957C160006A7D80 /* Products */,
				9308869BB0BC45B4B66817E1 /* Pods.xcconfig */,
				EBCA4B5A724D4AB490904D56 /* Frameworks */,
			);
			sourceTree = "<group>";
		};
		46330C611957C160006A7D80 /* Products */ = {
			isa = PBXGroup;
			children = (
				46330C601957C160006A7D80 /* PostACard.app */,
				46330C761957C160006A7D80 /* PostACardTests.xctest */,
			);
			name = Products;
			sourceTree = "<group>";
		};
		46330C621957C160006A7D80 /* PostACard */ = {
			isa = PBXGroup;
			children = (
				46330C671957C160006A7D80 /* PACAppDelegate.h */,
				46330C681957C160006A7D80 /* PACAppDelegate.m */,
				465079F01957CB0B00E5662F /* View Controllers */,
				4650799F1957C4BE00E5662F /* Views */,
				465079A11957C4BE00E5662F /* Data */,
				46EC199E195AB94500E6D3C3 /* Backend Networking */,
				465079A31957C4BE00E5662F /* Models */,
				46EC19B1195AB95B00E6D3C3 /* Auth */,
				465079B61957C61E00E5662F /* Resources */,
				46330C631957C160006A7D80 /* Supporting Files */,
			);
			path = PostACard;
			sourceTree = "<group>";
		};
		46330C631957C160006A7D80 /* Supporting Files */ = {
			isa = PBXGroup;
			children = (
				465079B51957C60700E5662F /* PACConstants.h */,
				465079B71957C70600E5662F /* PACPrefix.pch */,
				46330C641957C160006A7D80 /* Info.plist */,
				46330C651957C160006A7D80 /* main.m */,
			);
			name = "Supporting Files";
			sourceTree = "<group>";
		};
		46330C791957C160006A7D80 /* PostACardTests */ = {
			isa = PBXGroup;
			children = (
				46330C7C1957C160006A7D80 /* PostACardTests.m */,
				46330C7A1957C160006A7D80 /* Supporting Files */,
			);
			path = PostACardTests;
			sourceTree = "<group>";
		};
		46330C7A1957C160006A7D80 /* Supporting Files */ = {
			isa = PBXGroup;
			children = (
				46330C7B1957C160006A7D80 /* Info.plist */,
			);
			name = "Supporting Files";
			sourceTree = "<group>";
		};
		463B670B198660D80027F811 /* App Default */ = {
			isa = PBXGroup;
			children = (
				463B670C198660D80027F811 /* Default-568h@2x.png */,
			);
			name = "App Default";
			path = "Resources/App Default";
			sourceTree = "<group>";
		};
		463B670D198660D80027F811 /* App Icon */ = {
			isa = PBXGroup;
			children = (
			);
			name = "App Icon";
			path = "Resources/App Icon";
			sourceTree = "<group>";
		};
		464781E01985FC0900B831DD /* External */ = {
			isa = PBXGroup;
			children = (
				463B6702198602440027F811 /* FacebookSDK.framework */,
			);
			path = External;
			sourceTree = "<group>";
		};
		464961D4199087F300153812 /* Buttons */ = {
			isa = PBXGroup;
			children = (
				464961D5199087F300153812 /* ConnectToFacebook.png */,
				464961D6199087F300153812 /* ConnectToFacebook@2x.png */,
				464961D7199087F300153812 /* LogIn.png */,
				464961D8199087F300153812 /* LogIn@2x.png */,
				464961D9199087F300153812 /* PostACardIcon.png */,
				464961DA199087F300153812 /* SignUp.png */,
				464961DB199087F300153812 /* SignUp@2x.png */,
			);
			name = Buttons;
			path = Resources/Buttons;
			sourceTree = "<group>";
		};
		464961E31990882200153812 /* Icons */ = {
			isa = PBXGroup;
			children = (
				464962101990BCBD00153812 /* Glyphs */,
				464961E41990882200153812 /* Tab Bar */,
			);
			name = Icons;
			path = Resources/Icons;
			sourceTree = "<group>";
		};
		464961E41990882200153812 /* Tab Bar */ = {
			isa = PBXGroup;
			children = (
				464961E51990882200153812 /* ic_tabbar_categories_selected.png */,
				464961E61990882200153812 /* ic_tabbar_categories_selected@2x.png */,
				464961E71990882200153812 /* ic_tabbar_categories_unselected.png */,
				464961E81990882200153812 /* ic_tabbar_categories_unselected@2x.png */,
				464961E91990882200153812 /* ic_tabbar_profile_selected.png */,
				464961EA1990882200153812 /* ic_tabbar_profile_selected@2x.png */,
				464961EB1990882200153812 /* ic_tabbar_profile_unselected.png */,
				464961EC1990882200153812 /* ic_tabbar_profile_unselected@2x.png */,
			);
			path = "Tab Bar";
			sourceTree = "<group>";
		};
		464962101990BCBD00153812 /* Glyphs */ = {
			isa = PBXGroup;
			children = (
				464962111990BCBD00153812 /* ic_compose_photo.png */,
				464962121990BCBD00153812 /* ic_compose_photo@2x.png */,
			);
			path = Glyphs;
			sourceTree = "<group>";
		};
		4650799F1957C4BE00E5662F /* Views */ = {
			isa = PBXGroup;
			children = (
				46A967191987B766007B11EA /* PACCardSectionTableViewCell.h */,
				46A9671A1987B766007B11EA /* PACCardSectionTableViewCell.m */,
				46DA7C6A1991EE2800E7CC89 /* PACPublishedCardTableViewCell.h */,
				46DA7C6B1991EE2800E7CC89 /* PACPublishedCardTableViewCell.m */,
			);
			path = Views;
			sourceTree = "<group>";
		};
		465079A11957C4BE00E5662F /* Data */ = {
			isa = PBXGroup;
			children = (
				46E826FF1999210200B7A618 /* Base64.h */,
				46E827001999210200B7A618 /* Base64.m */,
				469E9EC3197BD3020092EDC6 /* PACFile.h */,
				469E9EC4197BD3030092EDC6 /* PACFile.m */,
				465079BE1957C7F500E5662F /* PACDataStorePredicate.h */,
				465079BF1957C7F500E5662F /* PACDataStorePredicate.m */,
				465079BB1957C7DD00E5662F /* PACDataStore.h */,
				465079BC1957C7DD00E5662F /* PACDataStore.m */,
			);
			path = Data;
			sourceTree = "<group>";
		};
		465079A31957C4BE00E5662F /* Models */ = {
			isa = PBXGroup;
			children = (
				46507A061957D45A00E5662F /* PACModelObject.h */,
				46507A071957D45A00E5662F /* PACModelObject.m */,
				46B3970B197E3DF900CD95A3 /* PACSocialPacket.h */,
				46B3970C197E3DF900CD95A3 /* PACSocialPacket.m */,
				465079C71957C82100E5662F /* PACUser.h */,
				465079C81957C82100E5662F /* PACUser.m */,
				46507A031957CD8200E5662F /* PACCardTemplate.h */,
				46507A041957CD8200E5662F /* PACCardTemplate.m */,
				465079CA1957C83300E5662F /* PACCard.h */,
				465079CB1957C83300E5662F /* PACCard.m */,
			);
			path = Models;
			sourceTree = "<group>";
		};
		465079B61957C61E00E5662F /* Resources */ = {
			isa = PBXGroup;
			children = (
				460013671993C8FB002C324E /* PostCardTestImage.png */,
				464961E31990882200153812 /* Icons */,
				464961D4199087F300153812 /* Buttons */,
				463B670B198660D80027F811 /* App Default */,
				463B670D198660D80027F811 /* App Icon */,
			);
			name = Resources;
			sourceTree = "<group>";
		};
		465079F01957CB0B00E5662F /* View Controllers */ = {
			isa = PBXGroup;
			children = (
				465079F71957CB0B00E5662F /* PACLoginViewController.h */,
				465079F81957CB0B00E5662F /* PACLoginViewController.m */,
				46F287D0198B2D9F00293FBA /* PACLoginViewController.xib */,
				4609DCCF198B35FA000D8F8C /* PACLoginCredentialsViewController.h */,
				4609DCD0198B35FA000D8F8C /* PACLoginCredentialsViewController.m */,
				4609DCD1198B35FA000D8F8C /* PACLoginCredentialsViewController.xib */,
				464961F51990887000153812 /* PACComposeViewController.h */,
				464961F61990887000153812 /* PACComposeViewController.m */,
				46DA7C601991D58D00E7CC89 /* PACComposeViewController.xib */,
				46AA8C45199082910018ED3F /* PACProfileViewController.h */,
				46AA8C46199082910018ED3F /* PACProfileViewController.m */,
				46DA7C621991D6C400E7CC89 /* PACProfileViewController.xib */,
				46A966FD19869A64007B11EA /* PACSignUpViewController.h */,
				46A966FE19869A64007B11EA /* PACSignUpViewController.m */,
				46DA7C641991D6E100E7CC89 /* PACSignUpViewController.xib */,
				465079F11957CB0B00E5662F /* PACCardSelectViewController.h */,
				465079F21957CB0B00E5662F /* PACCardSelectViewController.m */,
				46DA7C661991D70200E7CC89 /* PACCardSelectViewController.xib */,
				46507A001957CB9B00E5662F /* PACCardPreviewViewController.h */,
				46507A011957CB9B00E5662F /* PACCardPreviewViewController.m */,
				46DA7C681991D71B00E7CC89 /* PACCardPreviewViewController.xib */,
				46E827051999B46500B7A618 /* PACPublishCardViewController.h */,
				46E827061999B46500B7A618 /* PACPublishCardViewController.m */,
				46E827071999B46500B7A618 /* PACPublishCardViewController.xib */,
			);
			path = "View Controllers";
			sourceTree = "<group>";
		};
		46EC199E195AB94500E6D3C3 /* Backend Networking */ = {
			isa = PBXGroup;
			children = (
				46EC199F195AB94500E6D3C3 /* PACNetworkingManager.h */,
				46EC19A0195AB94500E6D3C3 /* PACNetworkingManager.m */,
				46EC19A1195AB94500E6D3C3 /* PACQuery.h */,
				46EC19A2195AB94500E6D3C3 /* PACQuery.m */,
				46EC19A3195AB94500E6D3C3 /* PACQueryPayload+ModularComposer.h */,
				46EC19A4195AB94500E6D3C3 /* PACQueryPayload+ModularComposer.m */,
				46EC19A5195AB94500E6D3C3 /* PACQueryPayload.h */,
				46EC19A6195AB94500E6D3C3 /* PACQueryPayload.m */,
				46EC19A7195AB94500E6D3C3 /* PACQueryRequest.h */,
				46EC19A8195AB94500E6D3C3 /* PACQueryRequest.m */,
				46EC19A9195AB94500E6D3C3 /* PACQueryResponse.h */,
				46EC19AA195AB94500E6D3C3 /* PACQueryResponse.m */,
			);
			name = "Backend Networking";
			path = "API Networking";
			sourceTree = "<group>";
		};
		46EC19B1195AB95B00E6D3C3 /* Auth */ = {
			isa = PBXGroup;
			children = (
				464781E01985FC0900B831DD /* External */,
				469E9EC6197C139F0092EDC6 /* PACSocialAuthClient.h */,
				469E9EC7197C139F0092EDC6 /* PACSocialAuthClient.m */,
				469E9EC9197C13B20092EDC6 /* PACSocialAuthFacebookClient.h */,
				469E9ECA197C13B20092EDC6 /* PACSocialAuthFacebookClient.m */,
			);
			path = Auth;
			sourceTree = "<group>";
		};
		EBCA4B5A724D4AB490904D56 /* Frameworks */ = {
			isa = PBXGroup;
			children = (
				46A828EB197CC613002E9DA8 /* Accounts.framework */,
				46A828E9197CC558002E9DA8 /* Social.framework */,
			);
			name = Frameworks;
			sourceTree = "<group>";
		};
/* End PBXGroup section */

/* Begin PBXNativeTarget section */
		46330C5F1957C160006A7D80 /* PostACard */ = {
			isa = PBXNativeTarget;
			buildConfigurationList = 46330C801957C160006A7D80 /* Build configuration list for PBXNativeTarget "PostACard" */;
			buildPhases = (
				46330C5C1957C160006A7D80 /* Sources */,
				46330C5D1957C160006A7D80 /* Frameworks */,
				46330C5E1957C160006A7D80 /* Resources */,
			);
			buildRules = (
			);
			dependencies = (
			);
			name = PostACard;
			productName = PostACard;
			productReference = 46330C601957C160006A7D80 /* PostACard.app */;
			productType = "com.apple.product-type.application";
		};
		46330C751957C160006A7D80 /* PostACardTests */ = {
			isa = PBXNativeTarget;
			buildConfigurationList = 46330C831957C160006A7D80 /* Build configuration list for PBXNativeTarget "PostACardTests" */;
			buildPhases = (
				46330C721957C160006A7D80 /* Sources */,
				46330C731957C160006A7D80 /* Frameworks */,
				46330C741957C160006A7D80 /* Resources */,
			);
			buildRules = (
			);
			dependencies = (
				46330C781957C160006A7D80 /* PBXTargetDependency */,
			);
			name = PostACardTests;
			productName = PostACardTests;
			productReference = 46330C761957C160006A7D80 /* PostACardTests.xctest */;
			productType = "com.apple.product-type.bundle.unit-test";
		};
/* End PBXNativeTarget section */

/* Begin PBXProject section */
		46330C581957C160006A7D80 /* Project object */ = {
			isa = PBXProject;
			attributes = {
				LastUpgradeCheck = 0600;
				ORGANIZATIONNAME = "Rohan Kapur";
				TargetAttributes = {
					46330C5F1957C160006A7D80 = {
						CreatedOnToolsVersion = 6.0;
						DevelopmentTeam = 282YE5X6U7;
					};
					46330C751957C160006A7D80 = {
						CreatedOnToolsVersion = 6.0;
						TestTargetID = 46330C5F1957C160006A7D80;
					};
				};
			};
			buildConfigurationList = 46330C5B1957C160006A7D80 /* Build configuration list for PBXProject "PostACard" */;
			compatibilityVersion = "Xcode 3.2";
			developmentRegion = English;
			hasScannedForEncodings = 0;
			knownRegions = (
				en,
				Base,
				he,
			);
			mainGroup = 46330C571957C160006A7D80;
			productRefGroup = 46330C611957C160006A7D80 /* Products */;
			projectDirPath = "";
			projectRoot = "";
			targets = (
				46330C5F1957C160006A7D80 /* PostACard */,
				46330C751957C160006A7D80 /* PostACardTests */,
			);
		};
/* End PBXProject section */

/* Begin PBXResourcesBuildPhase section */
		46330C5E1957C160006A7D80 /* Resources */ = {
			isa = PBXResourcesBuildPhase;
			buildActionMask = 2147483647;
			files = (
				464961F01990882200153812 /* ic_tabbar_categories_unselected@2x.png in Resources */,
				464961EF1990882200153812 /* ic_tabbar_categories_unselected.png in Resources */,
				464962141990BCBD00153812 /* ic_compose_photo@2x.png in Resources */,
				464961DF199087F300153812 /* LogIn@2x.png in Resources */,
				464961DD199087F300153812 /* ConnectToFacebook@2x.png in Resources */,
				464961F41990882200153812 /* ic_tabbar_profile_unselected@2x.png in Resources */,
				464961F31990882200153812 /* ic_tabbar_profile_unselected.png in Resources */,
				46DA7C611991D58D00E7CC89 /* PACComposeViewController.xib in Resources */,
				464961E1199087F300153812 /* SignUp.png in Resources */,
				46DA7C651991D6E100E7CC89 /* PACSignUpViewController.xib in Resources */,
				464961DE199087F300153812 /* LogIn.png in Resources */,
				4609DCD3198B35FA000D8F8C /* PACLoginCredentialsViewController.xib in Resources */,
				464961F21990882200153812 /* ic_tabbar_profile_selected@2x.png in Resources */,
				46DA7C671991D70200E7CC89 /* PACCardSelectViewController.xib in Resources */,
				46E827091999B46500B7A618 /* PACPublishCardViewController.xib in Resources */,
				464961E0199087F300153812 /* PostACardIcon.png in Resources */,
				460013681993C8FB002C324E /* PostCardTestImage.png in Resources */,
				464962131990BCBD00153812 /* ic_compose_photo.png in Resources */,
				464961E2199087F300153812 /* SignUp@2x.png in Resources */,
				464961F11990882200153812 /* ic_tabbar_profile_selected.png in Resources */,
				463B670E198660D80027F811 /* Default-568h@2x.png in Resources */,
				464961ED1990882200153812 /* ic_tabbar_categories_selected.png in Resources */,
				464961EE1990882200153812 /* ic_tabbar_categories_selected@2x.png in Resources */,
				46DA7C691991D71B00E7CC89 /* PACCardPreviewViewController.xib in Resources */,
				46DA7C631991D6C400E7CC89 /* PACProfileViewController.xib in Resources */,
				464961DC199087F300153812 /* ConnectToFacebook.png in Resources */,
				46F287D1198B2D9F00293FBA /* PACLoginViewController.xib in Resources */,
			);
			runOnlyForDeploymentPostprocessing = 0;
		};
		46330C741957C160006A7D80 /* Resources */ = {
			isa = PBXResourcesBuildPhase;
			buildActionMask = 2147483647;
			files = (
			);
			runOnlyForDeploymentPostprocessing = 0;
		};
/* End PBXResourcesBuildPhase section */

/* Begin PBXSourcesBuildPhase section */
		46330C5C1957C160006A7D80 /* Sources */ = {
			isa = PBXSourcesBuildPhase;
			buildActionMask = 2147483647;
			files = (
				46E827011999210200B7A618 /* Base64.m in Sources */,
				46EC19AE195AB94500E6D3C3 /* PACQueryPayload.m in Sources */,
				465079CC1957C83300E5662F /* PACCard.m in Sources */,
				464961F71990887000153812 /* PACComposeViewController.m in Sources */,
				46E827081999B46500B7A618 /* PACPublishCardViewController.m in Sources */,
				46330C691957C160006A7D80 /* PACAppDelegate.m in Sources */,
				46EC19AD195AB94500E6D3C3 /* PACQueryPayload+ModularComposer.m in Sources */,
				465079BD1957C7DD00E5662F /* PACDataStore.m in Sources */,
				469E9EC5197BD3030092EDC6 /* PACFile.m in Sources */,
				46EC19AC195AB94500E6D3C3 /* PACQuery.m in Sources */,
				46DA7C6C1991EE2800E7CC89 /* PACPublishedCardTableViewCell.m in Sources */,
				4609DCD2198B35FA000D8F8C /* PACLoginCredentialsViewController.m in Sources */,
				46A9671C1987B767007B11EA /* PACCardSectionTableViewCell.m in Sources */,
				46507A081957D45A00E5662F /* PACModelObject.m in Sources */,
				46A966FF19869A64007B11EA /* PACSignUpViewController.m in Sources */,
				46EC19B0195AB94500E6D3C3 /* PACQueryResponse.m in Sources */,
				469E9ECB197C13B20092EDC6 /* PACSocialAuthFacebookClient.m in Sources */,
				465079C91957C82100E5662F /* PACUser.m in Sources */,
				46EC19AB195AB94500E6D3C3 /* PACNetworkingManager.m in Sources */,
				46AA8C47199082910018ED3F /* PACProfileViewController.m in Sources */,
				465079FB1957CB0B00E5662F /* PACCardSelectViewController.m in Sources */,
				46330C661957C160006A7D80 /* main.m in Sources */,
				465079C01957C7F500E5662F /* PACDataStorePredicate.m in Sources */,
				46EC19AF195AB94500E6D3C3 /* PACQueryRequest.m in Sources */,
				465079FE1957CB0B00E5662F /* PACLoginViewController.m in Sources */,
				46B3970D197E3DF900CD95A3 /* PACSocialPacket.m in Sources */,
				46507A051957CD8200E5662F /* PACCardTemplate.m in Sources */,
				469E9EC8197C139F0092EDC6 /* PACSocialAuthClient.m in Sources */,
				46507A021957CB9B00E5662F /* PACCardPreviewViewController.m in Sources */,
			);
			runOnlyForDeploymentPostprocessing = 0;
		};
		46330C721957C160006A7D80 /* Sources */ = {
			isa = PBXSourcesBuildPhase;
			buildActionMask = 2147483647;
			files = (
				46330C7D1957C160006A7D80 /* PostACardTests.m in Sources */,
			);
			runOnlyForDeploymentPostprocessing = 0;
		};
/* End PBXSourcesBuildPhase section */

/* Begin PBXTargetDependency section */
		46330C781957C160006A7D80 /* PBXTargetDependency */ = {
			isa = PBXTargetDependency;
			target = 46330C5F1957C160006A7D80 /* PostACard */;
			targetProxy = 46330C771957C160006A7D80 /* PBXContainerItemProxy */;
		};
/* End PBXTargetDependency section */

/* Begin XCBuildConfiguration section */
		46330C7E1957C160006A7D80 /* Debug */ = {
			isa = XCBuildConfiguration;
			buildSettings = {
				ALWAYS_SEARCH_USER_PATHS = NO;
				CLANG_CXX_LANGUAGE_STANDARD = "gnu++0x";
				CLANG_CXX_LIBRARY = "libc++";
				CLANG_ENABLE_MODULES = YES;
				CLANG_ENABLE_OBJC_ARC = YES;
				CLANG_WARN_BOOL_CONVERSION = YES;
				CLANG_WARN_CONSTANT_CONVERSION = YES;
				CLANG_WARN_DIRECT_OBJC_ISA_USAGE = YES_ERROR;
				CLANG_WARN_EMPTY_BODY = YES;
				CLANG_WARN_ENUM_CONVERSION = YES;
				CLANG_WARN_INT_CONVERSION = YES;
				CLANG_WARN_OBJC_ROOT_CLASS = YES_ERROR;
				CLANG_WARN_UNREACHABLE_CODE = YES;
				CLANG_WARN__DUPLICATE_METHOD_MATCH = YES;
				"CODE_SIGN_IDENTITY[sdk=iphoneos*]" = "";
				COPY_PHASE_STRIP = NO;
				ENABLE_STRICT_OBJC_MSGSEND = YES;
				GCC_C_LANGUAGE_STANDARD = gnu99;
				GCC_DYNAMIC_NO_PIC = NO;
				GCC_OPTIMIZATION_LEVEL = 0;
				GCC_PREFIX_HEADER = PostACard/PACPrefix.pch;
				GCC_PREPROCESSOR_DEFINITIONS = (
					"DEBUG=1",
					"$(inherited)",
				);
				GCC_SYMBOLS_PRIVATE_EXTERN = NO;
				GCC_WARN_64_TO_32_BIT_CONVERSION = YES;
				GCC_WARN_ABOUT_RETURN_TYPE = YES_ERROR;
				GCC_WARN_UNDECLARED_SELECTOR = YES;
				GCC_WARN_UNINITIALIZED_AUTOS = YES_AGGRESSIVE;
				GCC_WARN_UNUSED_FUNCTION = YES;
				GCC_WARN_UNUSED_VARIABLE = YES;
				INFOPLIST_FILE = PostACard/Info.plist;
				IPHONEOS_DEPLOYMENT_TARGET = 8.0;
				METAL_ENABLE_DEBUG_INFO = YES;
				ONLY_ACTIVE_ARCH = YES;
				SDKROOT = iphoneos;
			};
			name = Debug;
		};
		46330C7F1957C160006A7D80 /* Release */ = {
			isa = XCBuildConfiguration;
			buildSettings = {
				ALWAYS_SEARCH_USER_PATHS = NO;
				CLANG_CXX_LANGUAGE_STANDARD = "gnu++0x";
				CLANG_CXX_LIBRARY = "libc++";
				CLANG_ENABLE_MODULES = YES;
				CLANG_ENABLE_OBJC_ARC = YES;
				CLANG_WARN_BOOL_CONVERSION = YES;
				CLANG_WARN_CONSTANT_CONVERSION = YES;
				CLANG_WARN_DIRECT_OBJC_ISA_USAGE = YES_ERROR;
				CLANG_WARN_EMPTY_BODY = YES;
				CLANG_WARN_ENUM_CONVERSION = YES;
				CLANG_WARN_INT_CONVERSION = YES;
				CLANG_WARN_OBJC_ROOT_CLASS = YES_ERROR;
				CLANG_WARN_UNREACHABLE_CODE = YES;
				CLANG_WARN__DUPLICATE_METHOD_MATCH = YES;
				"CODE_SIGN_IDENTITY[sdk=iphoneos*]" = "";
				COPY_PHASE_STRIP = YES;
				ENABLE_NS_ASSERTIONS = NO;
				ENABLE_STRICT_OBJC_MSGSEND = YES;
				GCC_C_LANGUAGE_STANDARD = gnu99;
				GCC_PREFIX_HEADER = PostACard/PACPrefix.pch;
				GCC_WARN_64_TO_32_BIT_CONVERSION = YES;
				GCC_WARN_ABOUT_RETURN_TYPE = YES_ERROR;
				GCC_WARN_UNDECLARED_SELECTOR = YES;
				GCC_WARN_UNINITIALIZED_AUTOS = YES_AGGRESSIVE;
				GCC_WARN_UNUSED_FUNCTION = YES;
				GCC_WARN_UNUSED_VARIABLE = YES;
				INFOPLIST_FILE = PostACard/Info.plist;
				IPHONEOS_DEPLOYMENT_TARGET = 8.0;
				METAL_ENABLE_DEBUG_INFO = NO;
				SDKROOT = iphoneos;
				VALIDATE_PRODUCT = YES;
			};
			name = Release;
		};
		46330C811957C160006A7D80 /* Debug */ = {
			isa = XCBuildConfiguration;
			baseConfigurationReference = 9308869BB0BC45B4B66817E1 /* Pods.xcconfig */;
			buildSettings = {
				ASSETCATALOG_COMPILER_APPICON_NAME = AppIcon;
				ASSETCATALOG_COMPILER_LAUNCHIMAGE_NAME = LaunchImage;
				CODE_SIGN_IDENTITY = "iPhone Developer";
				FRAMEWORK_SEARCH_PATHS = (
					"$(inherited)",
					"$(PROJECT_DIR)/PostACard/Auth/External",
				);
				GCC_PREFIX_HEADER = PostACard/PACPrefix.pch;
				"GCC_PREPROCESSOR_DEFINITIONS_NOT_USED_IN_PRECOMPS[arch=*]" = "";
				INFOPLIST_FILE = PostACard/Info.plist;
				LD_RUNPATH_SEARCH_PATHS = "$(inherited) @executable_path/Frameworks";
				PRODUCT_NAME = "$(TARGET_NAME)";
			};
			name = Debug;
		};
		46330C821957C160006A7D80 /* Release */ = {
			isa = XCBuildConfiguration;
			baseConfigurationReference = 9308869BB0BC45B4B66817E1 /* Pods.xcconfig */;
			buildSettings = {
				ASSETCATALOG_COMPILER_APPICON_NAME = AppIcon;
				ASSETCATALOG_COMPILER_LAUNCHIMAGE_NAME = LaunchImage;
				CODE_SIGN_IDENTITY = "iPhone Developer";
				FRAMEWORK_SEARCH_PATHS = (
					"$(inherited)",
					"$(PROJECT_DIR)/PostACard/Auth/External",
				);
				GCC_PREFIX_HEADER = PostACard/PACPrefix.pch;
				INFOPLIST_FILE = PostACard/Info.plist;
				LD_RUNPATH_SEARCH_PATHS = "$(inherited) @executable_path/Frameworks";
				PRODUCT_NAME = "$(TARGET_NAME)";
			};
			name = Release;
		};
		46330C841957C160006A7D80 /* Debug */ = {
			isa = XCBuildConfiguration;
			buildSettings = {
				BUNDLE_LOADER = "$(BUILT_PRODUCTS_DIR)/PostACard.app/PostACard";
				FRAMEWORK_SEARCH_PATHS = (
					"$(SDKROOT)/Developer/Library/Frameworks",
					"$(inherited)",
				);
				GCC_PREPROCESSOR_DEFINITIONS = (
					"DEBUG=1",
					"$(inherited)",
				);
				INFOPLIST_FILE = PostACardTests/Info.plist;
				LD_RUNPATH_SEARCH_PATHS = "$(inherited) @executable_path/Frameworks @loader_path/Frameworks";
				METAL_ENABLE_DEBUG_INFO = YES;
				PRODUCT_NAME = "$(TARGET_NAME)";
				TEST_HOST = "$(BUNDLE_LOADER)";
			};
			name = Debug;
		};
		46330C851957C160006A7D80 /* Release */ = {
			isa = XCBuildConfiguration;
			buildSettings = {
				BUNDLE_LOADER = "$(BUILT_PRODUCTS_DIR)/PostACard.app/PostACard";
				FRAMEWORK_SEARCH_PATHS = (
					"$(SDKROOT)/Developer/Library/Frameworks",
					"$(inherited)",
				);
				INFOPLIST_FILE = PostACardTests/Info.plist;
				LD_RUNPATH_SEARCH_PATHS = "$(inherited) @executable_path/Frameworks @loader_path/Frameworks";
				METAL_ENABLE_DEBUG_INFO = NO;
				PRODUCT_NAME = "$(TARGET_NAME)";
				TEST_HOST = "$(BUNDLE_LOADER)";
			};
			name = Release;
		};
/* End XCBuildConfiguration section */

/* Begin XCConfigurationList section */
		46330C5B1957C160006A7D80 /* Build configuration list for PBXProject "PostACard" */ = {
			isa = XCConfigurationList;
			buildConfigurations = (
				46330C7E1957C160006A7D80 /* Debug */,
				46330C7F1957C160006A7D80 /* Release */,
			);
			defaultConfigurationIsVisible = 0;
			defaultConfigurationName = Release;
		};
		46330C801957C160006A7D80 /* Build configuration list for PBXNativeTarget "PostACard" */ = {
			isa = XCConfigurationList;
			buildConfigurations = (
				46330C811957C160006A7D80 /* Debug */,
				46330C821957C160006A7D80 /* Release */,
			);
			defaultConfigurationIsVisible = 0;
			defaultConfigurationName = Release;
		};
		46330C831957C160006A7D80 /* Build configuration list for PBXNativeTarget "PostACardTests" */ = {
			isa = XCConfigurationList;
			buildConfigurations = (
				46330C841957C160006A7D80 /* Debug */,
				46330C851957C160006A7D80 /* Release */,
			);
			defaultConfigurationIsVisible = 0;
			defaultConfigurationName = Release;
		};
/* End XCConfigurationList section */
	};
	rootObject = 46330C581957C160006A7D80 /* Project object */;
}
